// !$*UTF8*$!
{
	archiveVersion = 1;
	classes = {
	};
	objectVersion = 46;
	objects = {

/* Begin PBXBuildFile section */
		CA2DACE11C6A8CBB00F7B8E6 /* PacketIPC.cpp in Sources */ = {isa = PBXBuildFile; fileRef = CA2DACDF1C6A8CBB00F7B8E6 /* PacketIPC.cpp */; };
		CA2DACE41C6AA99500F7B8E6 /* libevent_pthreads.a in Frameworks */ = {isa = PBXBuildFile; fileRef = CA2DACE21C6AA99500F7B8E6 /* libevent_pthreads.a */; };
		CA2DACE51C6AA99500F7B8E6 /* libevent.a in Frameworks */ = {isa = PBXBuildFile; fileRef = CA2DACE31C6AA99500F7B8E6 /* libevent.a */; };
		CA86DD6E1C5D8D61008AEFE8 /* PacketTransport.cpp in Sources */ = {isa = PBXBuildFile; fileRef = CA86DD6C1C5D8D61008AEFE8 /* PacketTransport.cpp */; };
		CA86DD711C5D8D78008AEFE8 /* PacketProc.cpp in Sources */ = {isa = PBXBuildFile; fileRef = CA86DD6F1C5D8D78008AEFE8 /* PacketProc.cpp */; };
		CA86DD741C5FDB23008AEFE8 /* PacketIO.cpp in Sources */ = {isa = PBXBuildFile; fileRef = CA86DD721C5FDB23008AEFE8 /* PacketIO.cpp */; };
		CA86DD761C6288BE008AEFE8 /* libboost_system.a in Frameworks */ = {isa = PBXBuildFile; fileRef = CA86DD751C6288BE008AEFE8 /* libboost_system.a */; };
		CA86DD791C62C1D3008AEFE8 /* libboost_thread-mt.a in Frameworks */ = {isa = PBXBuildFile; fileRef = CA86DD781C62C1D3008AEFE8 /* libboost_thread-mt.a */; };
		CA86DD7C1C6409E0008AEFE8 /* Utils.cpp in Sources */ = {isa = PBXBuildFile; fileRef = CA86DD7A1C6409E0008AEFE8 /* Utils.cpp */; };
		CABD3DFC1C3A00D2009E68BD /* PacketBuf.cpp in Sources */ = {isa = PBXBuildFile; fileRef = CABD3DFA1C3A00D2009E68BD /* PacketBuf.cpp */; };
		CABD3DFF1C3A0170009E68BD /* PacketRing.cpp in Sources */ = {isa = PBXBuildFile; fileRef = CABD3DFD1C3A0170009E68BD /* PacketRing.cpp */; };
		CABD3E0E1C3B8E7A009E68BD /* PacketRing.hpp in Sources */ = {isa = PBXBuildFile; fileRef = CABD3DFE1C3A0170009E68BD /* PacketRing.hpp */; };
		CABD3E0F1C3B8E7A009E68BD /* PacketBuf.hpp in Sources */ = {isa = PBXBuildFile; fileRef = CABD3DFB1C3A00D2009E68BD /* PacketBuf.hpp */; };
		CAF323A41C30B98500075B19 /* main.cpp in Sources */ = {isa = PBXBuildFile; fileRef = CAF323A31C30B98500075B19 /* main.cpp */; };
/* End PBXBuildFile section */

/* Begin PBXCopyFilesBuildPhase section */
		CABD3E051C3B5134009E68BD /* CopyFiles */ = {
			isa = PBXCopyFilesBuildPhase;
			buildActionMask = 2147483647;
			dstPath = /usr/share/man/man1/;
			dstSubfolderSpec = 0;
			files = (
			);
			runOnlyForDeploymentPostprocessing = 1;
		};
		CAF3239E1C30B98500075B19 /* CopyFiles */ = {
			isa = PBXCopyFilesBuildPhase;
			buildActionMask = 2147483647;
			dstPath = /usr/share/man/man1/;
			dstSubfolderSpec = 0;
			files = (
			);
			runOnlyForDeploymentPostprocessing = 1;
		};
		CAF323AC1C30B9E500075B19 /* CopyFiles */ = {
			isa = PBXCopyFilesBuildPhase;
			buildActionMask = 2147483647;
			dstPath = /usr/share/man/man1/;
			dstSubfolderSpec = 0;
			files = (
			);
			runOnlyForDeploymentPostprocessing = 1;
		};
		CAF323B71C30BA0300075B19 /* CopyFiles */ = {
			isa = PBXCopyFilesBuildPhase;
			buildActionMask = 2147483647;
			dstPath = /usr/share/man/man1/;
			dstSubfolderSpec = 0;
			files = (
			);
			runOnlyForDeploymentPostprocessing = 1;
		};
/* End PBXCopyFilesBuildPhase section */

/* Begin PBXFileReference section */
		CA2DACDF1C6A8CBB00F7B8E6 /* PacketIPC.cpp */ = {isa = PBXFileReference; fileEncoding = 4; lastKnownFileType = sourcecode.cpp.cpp; path = PacketIPC.cpp; sourceTree = "<group>"; };
		CA2DACE01C6A8CBB00F7B8E6 /* PacketIPC.hpp */ = {isa = PBXFileReference; fileEncoding = 4; lastKnownFileType = sourcecode.cpp.h; path = PacketIPC.hpp; sourceTree = "<group>"; };
		CA2DACE21C6AA99500F7B8E6 /* libevent_pthreads.a */ = {isa = PBXFileReference; lastKnownFileType = archive.ar; name = libevent_pthreads.a; path = ../../../../../../../usr/local/lib/libevent_pthreads.a; sourceTree = "<group>"; };
		CA2DACE31C6AA99500F7B8E6 /* libevent.a */ = {isa = PBXFileReference; lastKnownFileType = archive.ar; name = libevent.a; path = ../../../../../../../usr/local/lib/libevent.a; sourceTree = "<group>"; };
		CA86DD6C1C5D8D61008AEFE8 /* PacketTransport.cpp */ = {isa = PBXFileReference; fileEncoding = 4; lastKnownFileType = sourcecode.cpp.cpp; path = PacketTransport.cpp; sourceTree = "<group>"; };
		CA86DD6D1C5D8D61008AEFE8 /* PacketTransport.hpp */ = {isa = PBXFileReference; fileEncoding = 4; lastKnownFileType = sourcecode.cpp.h; path = PacketTransport.hpp; sourceTree = "<group>"; };
		CA86DD6F1C5D8D78008AEFE8 /* PacketProc.cpp */ = {isa = PBXFileReference; fileEncoding = 4; lastKnownFileType = sourcecode.cpp.cpp; path = PacketProc.cpp; sourceTree = "<group>"; };
		CA86DD701C5D8D78008AEFE8 /* PacketProc.hpp */ = {isa = PBXFileReference; fileEncoding = 4; lastKnownFileType = sourcecode.cpp.h; path = PacketProc.hpp; sourceTree = "<group>"; };
		CA86DD721C5FDB23008AEFE8 /* PacketIO.cpp */ = {isa = PBXFileReference; fileEncoding = 4; lastKnownFileType = sourcecode.cpp.cpp; path = PacketIO.cpp; sourceTree = "<group>"; };
		CA86DD731C5FDB23008AEFE8 /* PacketIO.hpp */ = {isa = PBXFileReference; fileEncoding = 4; lastKnownFileType = sourcecode.cpp.h; path = PacketIO.hpp; sourceTree = "<group>"; };
		CA86DD751C6288BE008AEFE8 /* libboost_system.a */ = {isa = PBXFileReference; lastKnownFileType = archive.ar; name = libboost_system.a; path = ../../../../../../../usr/local/Cellar/boost/1.58.0/lib/libboost_system.a; sourceTree = "<group>"; };
		CA86DD771C62BD22008AEFE8 /* Todo List */ = {isa = PBXFileReference; fileEncoding = 4; lastKnownFileType = text; path = "Todo List"; sourceTree = "<group>"; };
		CA86DD781C62C1D3008AEFE8 /* libboost_thread-mt.a */ = {isa = PBXFileReference; lastKnownFileType = archive.ar; name = "libboost_thread-mt.a"; path = "../../../../../../../usr/local/Cellar/boost/1.58.0/lib/libboost_thread-mt.a"; sourceTree = "<group>"; };
		CA86DD7A1C6409E0008AEFE8 /* Utils.cpp */ = {isa = PBXFileReference; fileEncoding = 4; lastKnownFileType = sourcecode.cpp.cpp; path = Utils.cpp; sourceTree = "<group>"; };
		CA86DD7B1C6409E0008AEFE8 /* Utils.hpp */ = {isa = PBXFileReference; fileEncoding = 4; lastKnownFileType = sourcecode.cpp.h; path = Utils.hpp; sourceTree = "<group>"; };
		CABD3DFA1C3A00D2009E68BD /* PacketBuf.cpp */ = {isa = PBXFileReference; fileEncoding = 4; lastKnownFileType = sourcecode.cpp.cpp; path = PacketBuf.cpp; sourceTree = "<group>"; };
		CABD3DFB1C3A00D2009E68BD /* PacketBuf.hpp */ = {isa = PBXFileReference; fileEncoding = 4; lastKnownFileType = sourcecode.cpp.h; path = PacketBuf.hpp; sourceTree = "<group>"; };
		CABD3DFD1C3A0170009E68BD /* PacketRing.cpp */ = {isa = PBXFileReference; fileEncoding = 4; lastKnownFileType = sourcecode.cpp.cpp; path = PacketRing.cpp; sourceTree = "<group>"; };
		CABD3DFE1C3A0170009E68BD /* PacketRing.hpp */ = {isa = PBXFileReference; fileEncoding = 4; lastKnownFileType = sourcecode.cpp.h; path = PacketRing.hpp; sourceTree = "<group>"; };
		CABD3E071C3B5134009E68BD /* TurboTx1 */ = {isa = PBXFileReference; explicitFileType = "compiled.mach-o.executable"; includeInIndex = 0; path = TurboTx1; sourceTree = BUILT_PRODUCTS_DIR; };
		CAF323A01C30B98500075B19 /* TurboTx */ = {isa = PBXFileReference; explicitFileType = "compiled.mach-o.executable"; includeInIndex = 0; path = TurboTx; sourceTree = BUILT_PRODUCTS_DIR; };
		CAF323A31C30B98500075B19 /* main.cpp */ = {isa = PBXFileReference; lastKnownFileType = sourcecode.cpp.cpp; path = main.cpp; sourceTree = "<group>"; };
		CAF323AE1C30B9E500075B19 /* TurboTxSource */ = {isa = PBXFileReference; explicitFileType = "compiled.mach-o.executable"; includeInIndex = 0; path = TurboTxSource; sourceTree = BUILT_PRODUCTS_DIR; };
		CAF323B91C30BA0300075B19 /* TurboTxDest */ = {isa = PBXFileReference; explicitFileType = "compiled.mach-o.executable"; includeInIndex = 0; path = TurboTxDest; sourceTree = BUILT_PRODUCTS_DIR; };
/* End PBXFileReference section */

/* Begin PBXFrameworksBuildPhase section */
		CABD3E041C3B5134009E68BD /* Frameworks */ = {
			isa = PBXFrameworksBuildPhase;
			buildActionMask = 2147483647;
			files = (
			);
			runOnlyForDeploymentPostprocessing = 0;
		};
		CAF3239D1C30B98500075B19 /* Frameworks */ = {
			isa = PBXFrameworksBuildPhase;
			buildActionMask = 2147483647;
			files = (
				CA2DACE41C6AA99500F7B8E6 /* libevent_pthreads.a in Frameworks */,
				CA2DACE51C6AA99500F7B8E6 /* libevent.a in Frameworks */,
				CA86DD791C62C1D3008AEFE8 /* libboost_thread-mt.a in Frameworks */,
				CA86DD761C6288BE008AEFE8 /* libboost_system.a in Frameworks */,
			);
			runOnlyForDeploymentPostprocessing = 0;
		};
		CAF323AB1C30B9E500075B19 /* Frameworks */ = {
			isa = PBXFrameworksBuildPhase;
			buildActionMask = 2147483647;
			files = (
			);
			runOnlyForDeploymentPostprocessing = 0;
		};
		CAF323B61C30BA0300075B19 /* Frameworks */ = {
			isa = PBXFrameworksBuildPhase;
			buildActionMask = 2147483647;
			files = (
			);
			runOnlyForDeploymentPostprocessing = 0;
		};
/* End PBXFrameworksBuildPhase section */

/* Begin PBXGroup section */
		CAF323971C30B98500075B19 = {
			isa = PBXGroup;
			children = (
				CA2DACE21C6AA99500F7B8E6 /* libevent_pthreads.a */,
				CA2DACE31C6AA99500F7B8E6 /* libevent.a */,
				CA86DD781C62C1D3008AEFE8 /* libboost_thread-mt.a */,
				CA86DD751C6288BE008AEFE8 /* libboost_system.a */,
				CAF323A21C30B98500075B19 /* TurboTx */,
				CAF323A11C30B98500075B19 /* Products */,
			);
			sourceTree = "<group>";
		};
		CAF323A11C30B98500075B19 /* Products */ = {
			isa = PBXGroup;
			children = (
				CAF323A01C30B98500075B19 /* TurboTx */,
				CAF323AE1C30B9E500075B19 /* TurboTxSource */,
				CAF323B91C30BA0300075B19 /* TurboTxDest */,
				CABD3E071C3B5134009E68BD /* TurboTx1 */,
			);
			name = Products;
			sourceTree = "<group>";
		};
		CAF323A21C30B98500075B19 /* TurboTx */ = {
			isa = PBXGroup;
			children = (
				CAF323A31C30B98500075B19 /* main.cpp */,
				CA86DD6C1C5D8D61008AEFE8 /* PacketTransport.cpp */,
				CA86DD6D1C5D8D61008AEFE8 /* PacketTransport.hpp */,
				CA86DD721C5FDB23008AEFE8 /* PacketIO.cpp */,
				CA86DD731C5FDB23008AEFE8 /* PacketIO.hpp */,
				CA86DD6F1C5D8D78008AEFE8 /* PacketProc.cpp */,
				CA2DACDF1C6A8CBB00F7B8E6 /* PacketIPC.cpp */,
				CA2DACE01C6A8CBB00F7B8E6 /* PacketIPC.hpp */,
				CA86DD701C5D8D78008AEFE8 /* PacketProc.hpp */,
				CABD3DFA1C3A00D2009E68BD /* PacketBuf.cpp */,
				CABD3DFB1C3A00D2009E68BD /* PacketBuf.hpp */,
				CABD3DFD1C3A0170009E68BD /* PacketRing.cpp */,
				CABD3DFE1C3A0170009E68BD /* PacketRing.hpp */,
				CA86DD7A1C6409E0008AEFE8 /* Utils.cpp */,
				CA86DD7B1C6409E0008AEFE8 /* Utils.hpp */,
				CA86DD771C62BD22008AEFE8 /* Todo List */,
			);
			path = TurboTx;
			sourceTree = "<group>";
		};
/* End PBXGroup section */

/* Begin PBXNativeTarget section */
		CABD3E061C3B5134009E68BD /* TurboTx1 */ = {
			isa = PBXNativeTarget;
			buildConfigurationList = CABD3E0B1C3B5134009E68BD /* Build configuration list for PBXNativeTarget "TurboTx1" */;
			buildPhases = (
				CABD3E031C3B5134009E68BD /* Sources */,
				CABD3E041C3B5134009E68BD /* Frameworks */,
				CABD3E051C3B5134009E68BD /* CopyFiles */,
			);
			buildRules = (
			);
			dependencies = (
			);
			name = TurboTx1;
			productName = TurboTx1;
			productReference = CABD3E071C3B5134009E68BD /* TurboTx1 */;
			productType = "com.apple.product-type.tool";
		};
		CAF3239F1C30B98500075B19 /* TurboTx */ = {
			isa = PBXNativeTarget;
			buildConfigurationList = CAF323A71C30B98500075B19 /* Build configuration list for PBXNativeTarget "TurboTx" */;
			buildPhases = (
				CAF3239C1C30B98500075B19 /* Sources */,
				CAF3239D1C30B98500075B19 /* Frameworks */,
				CAF3239E1C30B98500075B19 /* CopyFiles */,
			);
			buildRules = (
			);
			dependencies = (
			);
			name = TurboTx;
			productName = TurboTx;
			productReference = CAF323A01C30B98500075B19 /* TurboTx */;
			productType = "com.apple.product-type.tool";
		};
		CAF323AD1C30B9E500075B19 /* TurboTxSource */ = {
			isa = PBXNativeTarget;
			buildConfigurationList = CAF323B21C30B9E500075B19 /* Build configuration list for PBXNativeTarget "TurboTxSource" */;
			buildPhases = (
				CAF323AA1C30B9E500075B19 /* Sources */,
				CAF323AB1C30B9E500075B19 /* Frameworks */,
				CAF323AC1C30B9E500075B19 /* CopyFiles */,
			);
			buildRules = (
			);
			dependencies = (
			);
			name = TurboTxSource;
			productName = TurboTxSource;
			productReference = CAF323AE1C30B9E500075B19 /* TurboTxSource */;
			productType = "com.apple.product-type.tool";
		};
		CAF323B81C30BA0300075B19 /* TurboTxDest */ = {
			isa = PBXNativeTarget;
			buildConfigurationList = CAF323BD1C30BA0300075B19 /* Build configuration list for PBXNativeTarget "TurboTxDest" */;
			buildPhases = (
				CAF323B51C30BA0300075B19 /* Sources */,
				CAF323B61C30BA0300075B19 /* Frameworks */,
				CAF323B71C30BA0300075B19 /* CopyFiles */,
			);
			buildRules = (
			);
			dependencies = (
			);
			name = TurboTxDest;
			productName = TurboTxDest;
			productReference = CAF323B91C30BA0300075B19 /* TurboTxDest */;
			productType = "com.apple.product-type.tool";
		};
/* End PBXNativeTarget section */

/* Begin PBXProject section */
		CAF323981C30B98500075B19 /* Project object */ = {
			isa = PBXProject;
			attributes = {
				LastUpgradeCheck = 0720;
				ORGANIZATIONNAME = "Surya Nimmagadda";
				TargetAttributes = {
					CABD3E061C3B5134009E68BD = {
						CreatedOnToolsVersion = 7.2;
					};
					CAF3239F1C30B98500075B19 = {
						CreatedOnToolsVersion = 7.2;
					};
					CAF323AD1C30B9E500075B19 = {
						CreatedOnToolsVersion = 7.2;
					};
					CAF323B81C30BA0300075B19 = {
						CreatedOnToolsVersion = 7.2;
					};
				};
			};
			buildConfigurationList = CAF3239B1C30B98500075B19 /* Build configuration list for PBXProject "TurboTx" */;
			compatibilityVersion = "Xcode 3.2";
			developmentRegion = English;
			hasScannedForEncodings = 0;
			knownRegions = (
				en,
				ar,
				ca,
				cs,
				da,
				Dutch,
				el,
				English,
				es_MX,
				fi,
				French,
				German,
				he,
				hr,
				hu,
				id,
				Italian,
				Japanese,
				ko,
				ms,
				no,
				pl,
				pt,
				pt_PT,
				ro,
				ru,
				sk,
				Spanish,
				sv,
				th,
				tr,
				uk,
				vi,
				zh_CN,
				zh_TW,
				de,
				es,
				fr,
				it,
				ja,
				nl,
				Base,
				Danish,
				en_AU,
				en_CA,
				en_CN,
				en_GB,
				en_IN,
				en_JP,
				en_SG,
				nb,
				Portuguese,
				pt_BR,
				Russian,
				Swedish,
			);
			mainGroup = CAF323971C30B98500075B19;
			productRefGroup = CAF323A11C30B98500075B19 /* Products */;
			projectDirPath = "";
			projectRoot = "";
			targets = (
				CAF3239F1C30B98500075B19 /* TurboTx */,
				CAF323AD1C30B9E500075B19 /* TurboTxSource */,
				CAF323B81C30BA0300075B19 /* TurboTxDest */,
				CABD3E061C3B5134009E68BD /* TurboTx1 */,
			);
		};
/* End PBXProject section */

/* Begin PBXSourcesBuildPhase section */
		CABD3E031C3B5134009E68BD /* Sources */ = {
			isa = PBXSourcesBuildPhase;
			buildActionMask = 2147483647;
			files = (
			);
			runOnlyForDeploymentPostprocessing = 0;
		};
		CAF3239C1C30B98500075B19 /* Sources */ = {
			isa = PBXSourcesBuildPhase;
			buildActionMask = 2147483647;
			files = (
				CABD3E0E1C3B8E7A009E68BD /* PacketRing.hpp in Sources */,
				CABD3E0F1C3B8E7A009E68BD /* PacketBuf.hpp in Sources */,
				CA2DACE11C6A8CBB00F7B8E6 /* PacketIPC.cpp in Sources */,
				CA86DD741C5FDB23008AEFE8 /* PacketIO.cpp in Sources */,
				CA86DD6E1C5D8D61008AEFE8 /* PacketTransport.cpp in Sources */,
				CA86DD7C1C6409E0008AEFE8 /* Utils.cpp in Sources */,
				CABD3DFC1C3A00D2009E68BD /* PacketBuf.cpp in Sources */,
				CAF323A41C30B98500075B19 /* main.cpp in Sources */,
				CA86DD711C5D8D78008AEFE8 /* PacketProc.cpp in Sources */,
				CABD3DFF1C3A0170009E68BD /* PacketRing.cpp in Sources */,
			);
			runOnlyForDeploymentPostprocessing = 0;
		};
		CAF323AA1C30B9E500075B19 /* Sources */ = {
			isa = PBXSourcesBuildPhase;
			buildActionMask = 2147483647;
			files = (
			);
			runOnlyForDeploymentPostprocessing = 0;
		};
		CAF323B51C30BA0300075B19 /* Sources */ = {
			isa = PBXSourcesBuildPhase;
			buildActionMask = 2147483647;
			files = (
			);
			runOnlyForDeploymentPostprocessing = 0;
		};
/* End PBXSourcesBuildPhase section */

/* Begin XCBuildConfiguration section */
		CABD3E0C1C3B5134009E68BD /* Debug */ = {
			isa = XCBuildConfiguration;
			buildSettings = {
				PRODUCT_NAME = "$(TARGET_NAME)";
			};
			name = Debug;
		};
		CABD3E0D1C3B5134009E68BD /* Release */ = {
			isa = XCBuildConfiguration;
			buildSettings = {
				PRODUCT_NAME = "$(TARGET_NAME)";
			};
			name = Release;
		};
		CAF323A51C30B98500075B19 /* Debug */ = {
			isa = XCBuildConfiguration;
			buildSettings = {
				ALWAYS_SEARCH_USER_PATHS = NO;
				CLANG_CXX_LANGUAGE_STANDARD = "gnu++0x";
				CLANG_CXX_LIBRARY = "libc++";
				CLANG_ENABLE_MODULES = YES;
				CLANG_ENABLE_OBJC_ARC = YES;
				CLANG_WARN_BOOL_CONVERSION = YES;
				CLANG_WARN_CONSTANT_CONVERSION = YES;
				CLANG_WARN_DIRECT_OBJC_ISA_USAGE = YES_ERROR;
				CLANG_WARN_EMPTY_BODY = YES;
				CLANG_WARN_ENUM_CONVERSION = YES;
				CLANG_WARN_INT_CONVERSION = YES;
				CLANG_WARN_OBJC_ROOT_CLASS = YES_ERROR;
				CLANG_WARN_UNREACHABLE_CODE = YES;
				CLANG_WARN__DUPLICATE_METHOD_MATCH = YES;
				CODE_SIGN_IDENTITY = "-";
				COPY_PHASE_STRIP = NO;
				DEBUG_INFORMATION_FORMAT = dwarf;
				ENABLE_STRICT_OBJC_MSGSEND = YES;
				ENABLE_TESTABILITY = YES;
				GCC_C_LANGUAGE_STANDARD = gnu99;
				GCC_DYNAMIC_NO_PIC = NO;
				GCC_NO_COMMON_BLOCKS = YES;
				GCC_OPTIMIZATION_LEVEL = 0;
				GCC_PREPROCESSOR_DEFINITIONS = (
					"DEBUG=1",
					"$(inherited)",
				);
				GCC_WARN_64_TO_32_BIT_CONVERSION = YES;
				GCC_WARN_ABOUT_RETURN_TYPE = YES_ERROR;
				GCC_WARN_UNDECLARED_SELECTOR = YES;
				GCC_WARN_UNINITIALIZED_AUTOS = YES_AGGRESSIVE;
				GCC_WARN_UNUSED_FUNCTION = YES;
				GCC_WARN_UNUSED_VARIABLE = YES;
				MACOSX_DEPLOYMENT_TARGET = 10.10;
				MTL_ENABLE_DEBUG_INFO = YES;
				ONLY_ACTIVE_ARCH = YES;
				SDKROOT = macosx;
			};
			name = Debug;
		};
		CAF323A61C30B98500075B19 /* Release */ = {
			isa = XCBuildConfiguration;
			buildSettings = {
				ALWAYS_SEARCH_USER_PATHS = NO;
				CLANG_CXX_LANGUAGE_STANDARD = "gnu++0x";
				CLANG_CXX_LIBRARY = "libc++";
				CLANG_ENABLE_MODULES = YES;
				CLANG_ENABLE_OBJC_ARC = YES;
				CLANG_WARN_BOOL_CONVERSION = YES;
				CLANG_WARN_CONSTANT_CONVERSION = YES;
				CLANG_WARN_DIRECT_OBJC_ISA_USAGE = YES_ERROR;
				CLANG_WARN_EMPTY_BODY = YES;
				CLANG_WARN_ENUM_CONVERSION = YES;
				CLANG_WARN_INT_CONVERSION = YES;
				CLANG_WARN_OBJC_ROOT_CLASS = YES_ERROR;
				CLANG_WARN_UNREACHABLE_CODE = YES;
				CLANG_WARN__DUPLICATE_METHOD_MATCH = YES;
				CODE_SIGN_IDENTITY = "-";
				COPY_PHASE_STRIP = NO;
				DEBUG_INFORMATION_FORMAT = "dwarf-with-dsym";
				ENABLE_NS_ASSERTIONS = NO;
				ENABLE_STRICT_OBJC_MSGSEND = YES;
				GCC_C_LANGUAGE_STANDARD = gnu99;
				GCC_NO_COMMON_BLOCKS = YES;
				GCC_WARN_64_TO_32_BIT_CONVERSION = YES;
				GCC_WARN_ABOUT_RETURN_TYPE = YES_ERROR;
				GCC_WARN_UNDECLARED_SELECTOR = YES;
				GCC_WARN_UNINITIALIZED_AUTOS = YES_AGGRESSIVE;
				GCC_WARN_UNUSED_FUNCTION = YES;
				GCC_WARN_UNUSED_VARIABLE = YES;
				MACOSX_DEPLOYMENT_TARGET = 10.10;
				MTL_ENABLE_DEBUG_INFO = NO;
				ONLY_ACTIVE_ARCH = YES;
				SDKROOT = macosx;
			};
			name = Release;
		};
		CAF323A81C30B98500075B19 /* Debug */ = {
			isa = XCBuildConfiguration;
			buildSettings = {
				"HEADER_SEARCH_PATHS[arch=*]" = /usr/local/include;
				LIBRARY_SEARCH_PATHS = (
					"$(inherited)",
					/usr/local/Cellar/boost/1.58.0/lib,
				);
				"LIBRARY_SEARCH_PATHS[arch=*]" = /usr/local/lib;
				PRODUCT_NAME = "$(TARGET_NAME)";
			};
			name = Debug;
		};
		CAF323A91C30B98500075B19 /* Release */ = {
			isa = XCBuildConfiguration;
			buildSettings = {
				"HEADER_SEARCH_PATHS[arch=*]" = /usr/local/include;
				"LD_DYLIB_INSTALL_NAME[arch=*]" = "";
				LIBRARY_SEARCH_PATHS = (
					"$(inherited)",
					/usr/local/Cellar/boost/1.58.0/lib,
				);
				"LIBRARY_SEARCH_PATHS[arch=*]" = /usr/local/lib;
				PRODUCT_NAME = "$(TARGET_NAME)";
			};
			name = Release;
		};
		CAF323B31C30B9E500075B19 /* Debug */ = {
			isa = XCBuildConfiguration;
			buildSettings = {
				PRODUCT_NAME = "$(TARGET_NAME)";
			};
			name = Debug;
		};
		CAF323B41C30B9E500075B19 /* Release */ = {
			isa = XCBuildConfiguration;
			buildSettings = {
				PRODUCT_NAME = "$(TARGET_NAME)";
			};
			name = Release;
		};
		CAF323BE1C30BA0300075B19 /* Debug */ = {
			isa = XCBuildConfiguration;
			buildSettings = {
				PRODUCT_NAME = "$(TARGET_NAME)";
			};
			name = Debug;
		};
		CAF323BF1C30BA0300075B19 /* Release */ = {
			isa = XCBuildConfiguration;
			buildSettings = {
				PRODUCT_NAME = "$(TARGET_NAME)";
			};
			name = Release;
		};
/* End XCBuildConfiguration section */

/* Begin XCConfigurationList section */
		CABD3E0B1C3B5134009E68BD /* Build configuration list for PBXNativeTarget "TurboTx1" */ = {
			isa = XCConfigurationList;
			buildConfigurations = (
				CABD3E0C1C3B5134009E68BD /* Debug */,
				CABD3E0D1C3B5134009E68BD /* Release */,
			);
			defaultConfigurationIsVisible = 0;
			defaultConfigurationName = Release;
		};
		CAF3239B1C30B98500075B19 /* Build configuration list for PBXProject "TurboTx" */ = {
			isa = XCConfigurationList;
			buildConfigurations = (
				CAF323A51C30B98500075B19 /* Debug */,
				CAF323A61C30B98500075B19 /* Release */,
			);
			defaultConfigurationIsVisible = 0;
			defaultConfigurationName = Release;
		};
		CAF323A71C30B98500075B19 /* Build configuration list for PBXNativeTarget "TurboTx" */ = {
			isa = XCConfigurationList;
			buildConfigurations = (
				CAF323A81C30B98500075B19 /* Debug */,
				CAF323A91C30B98500075B19 /* Release */,
			);
			defaultConfigurationIsVisible = 0;
			defaultConfigurationName = Release;
		};
		CAF323B21C30B9E500075B19 /* Build configuration list for PBXNativeTarget "TurboTxSource" */ = {
			isa = XCConfigurationList;
			buildConfigurations = (
				CAF323B31C30B9E500075B19 /* Debug */,
				CAF323B41C30B9E500075B19 /* Release */,
			);
			defaultConfigurationIsVisible = 0;
			defaultConfigurationName = Release;
		};
		CAF323BD1C30BA0300075B19 /* Build configuration list for PBXNativeTarget "TurboTxDest" */ = {
			isa = XCConfigurationList;
			buildConfigurations = (
				CAF323BE1C30BA0300075B19 /* Debug */,
				CAF323BF1C30BA0300075B19 /* Release */,
			);
			defaultConfigurationIsVisible = 0;
			defaultConfigurationName = Release;
		};
/* End XCConfigurationList section */
	};
	rootObject = CAF323981C30B98500075B19 /* Project object */;
}
